
Microsoft Visual Studio Solution File, Format Version 12.00
# Visual Studio Version 17
VisualStudioVersion = 17.2.32630.192
MinimumVisualStudioVersion = 10.0.40219.1
Project("{9A19103F-16F7-4668-BE54-9A1E7A4F7556}") = "ZadaniePESEL", "ZadaniePESEL\ZadaniePESEL.csproj", "{979F86E9-FCAE-471F-A193-89D064505C63}"
EndProject
Project("{FAE04EC0-301F-11D3-BF4B-00C04F79EFBC}") = "ZadaniePESELTest", "ZadaniePESELTest\ZadaniePESELTest.csproj", "{F39AD9A6-74B5-467D-B6A0-505087724A1F}"
EndProject
Global
	GlobalSection(SolutionConfigurationPlatforms) = preSolution
		Debug|Any CPU = Debug|Any CPU
		Release|Any CPU = Release|Any CPU
	EndGlobalSection
	GlobalSection(ProjectConfigurationPlatforms) = postSolution
		{979F86E9-FCAE-471F-A193-89D064505C63}.Debug|Any CPU.ActiveCfg = Debug|Any CPU
		{979F86E9-FCAE-471F-A193-89D064505C63}.Debug|Any CPU.Build.0 = Debug|Any CPU
		{979F86E9-FCAE-471F-A193-89D064505C63}.Release|Any CPU.ActiveCfg = Release|Any CPU
		{979F86E9-FCAE-471F-A193-89D064505C63}.Release|Any CPU.Build.0 = Release|Any CPU
		{F39AD9A6-74B5-467D-B6A0-505087724A1F}.Debug|Any CPU.ActiveCfg = Debug|Any CPU
		{F39AD9A6-74B5-467D-B6A0-505087724A1F}.Debug|Any CPU.Build.0 = Debug|Any CPU
		{F39AD9A6-74B5-467D-B6A0-505087724A1F}.Release|Any CPU.ActiveCfg = Release|Any CPU
		{F39AD9A6-74B5-467D-B6A0-505087724A1F}.Release|Any CPU.Build.0 = Release|Any CPU
	EndGlobalSection
	GlobalSection(SolutionProperties) = preSolution
		HideSolutionNode = FALSE
	EndGlobalSection
	GlobalSection(ExtensibilityGlobals) = postSolution
		SolutionGuid = {2F6B0A0D-7089-4D1D-9EC4-0E842933EB46}
	EndGlobalSection
EndGlobal
